
Microsoft Visual Studio Solution File, Format Version 12.00
# Visual Studio Version 16
VisualStudioVersion = 16.0.31321.278
MinimumVisualStudioVersion = 10.0.40219.1
Project("{F184B08F-C81C-45F6-A57F-5ABD9991F28F}") = "InputQueryRefresh", "InputQueryRefresh\InputQueryRefresh.vbproj", "{7178C2EA-0C2B-45F1-A13D-DAC737BB9310}"
EndProject
Global
	GlobalSection(SolutionConfigurationPlatforms) = preSolution
		Debug|Any CPU = Debug|Any CPU
		Release|Any CPU = Release|Any CPU
	EndGlobalSection
	GlobalSection(ProjectConfigurationPlatforms) = postSolution
		{7178C2EA-0C2B-45F1-A13D-DAC737BB9310}.Debug|Any CPU.ActiveCfg = Debug|Any CPU
		{7178C2EA-0C2B-45F1-A13D-DAC737BB9310}.Debug|Any CPU.Build.0 = Debug|Any CPU
		{7178C2EA-0C2B-45F1-A13D-DAC737BB9310}.Release|Any CPU.ActiveCfg = Release|Any CPU
		{7178C2EA-0C2B-45F1-A13D-DAC737BB9310}.Release|Any CPU.Build.0 = Release|Any CPU
	EndGlobalSection
	GlobalSection(SolutionProperties) = preSolution
		HideSolutionNode = FALSE
	EndGlobalSection
	GlobalSection(ExtensibilityGlobals) = postSolution
		SolutionGuid = {5A670E87-BA85-4093-AF06-A3889B79D578}
	EndGlobalSection
EndGlobal
